{
    "name": "only-ts",
    "version": "1.0.0",
    "lockfileVersion": 3,
    "requires": true,
    "packages": {
        "": {
            "name": "only-ts",
            "version": "1.0.0",
            "license": "ISC",
            "dependencies": {
                "google-closure-compiler": "^20250820.0.0",
                "typescript": "^5.9.2"
            }
        },
        "node_modules/b4a": {
            "version": "1.6.7",
            "resolved": "https://registry.npmjs.org/b4a/-/b4a-1.6.7.tgz",
            "integrity": "sha512-OnAYlL5b7LEkALw87fUVafQw5rVR9RjwGd4KUwNQ6DrrNmaVaUCgLipfVlzrPQ4tWOR9P0IXGNOx50jYCCdSJg==",
            "license": "Apache-2.0"
        },
        "node_modules/bare-events": {
            "version": "2.6.1",
            "resolved": "https://registry.npmjs.org/bare-events/-/bare-events-2.6.1.tgz",
            "integrity": "sha512-AuTJkq9XmE6Vk0FJVNq5QxETrSA/vKHarWVBG5l/JbdCL1prJemiyJqUS0jrlXO0MftuPq4m3YVYhoNc5+aE/g==",
            "license": "Apache-2.0",
            "optional": true
        },
        "node_modules/chalk": {
            "version": "5.6.0",
            "resolved": "https://registry.npmjs.org/chalk/-/chalk-5.6.0.tgz",
            "integrity": "sha512-46QrSQFyVSEyYAgQ22hQ+zDa60YHA4fBstHmtSApj1Y5vKtG27fWowW03jCk5KcbXEWPZUIR894aARCA/G1kfQ==",
            "license": "MIT",
            "engines": {
                "node": "^12.17.0 || ^14.13 || >=16.0.0"
            },
            "funding": {
                "url": "https://github.com/chalk/chalk?sponsor=1"
            }
        },
        "node_modules/clone": {
            "version": "2.1.2",
            "resolved": "https://registry.npmjs.org/clone/-/clone-2.1.2.tgz",
            "integrity": "sha512-3Pe/CF1Nn94hyhIYpjtiLhdCoEoz0DqQ+988E9gmeEdQZlojxnOb74wctFyuwWQHzqyf9X7C7MG8juUpqBJT8w==",
            "license": "MIT",
            "engines": {
                "node": ">=0.8"
            }
        },
        "node_modules/fast-fifo": {
            "version": "1.3.2",
            "resolved": "https://registry.npmjs.org/fast-fifo/-/fast-fifo-1.3.2.tgz",
            "integrity": "sha512-/d9sfos4yxzpwkDkuN7k2SqFKtYNmCTzgfEpz82x34IM9/zc8KGxQoXg1liNC/izpRM/MBdt44Nmx41ZWqk+FQ==",
            "license": "MIT"
        },
        "node_modules/google-closure-compiler": {
            "version": "20250820.0.0",
            "resolved": "https://registry.npmjs.org/google-closure-compiler/-/google-closure-compiler-20250820.0.0.tgz",
            "integrity": "sha512-AolUD612pYs5KeJbNOf1/SlobrsR/8NVL2fM+64Rac5b5yB879TBsGUOtZoz5ZFq+KAfWqn93zFpKfR06gKZ9A==",
            "license": "Apache-2.0",
            "dependencies": {
                "chalk": "5.x",
                "google-closure-compiler-java": "^20250820.0.0",
                "minimist": "1.x",
                "vinyl": "3.x",
                "vinyl-sourcemaps-apply": "^0.2.0"
            },
            "bin": {
                "google-closure-compiler": "cli.js"
            },
            "engines": {
                "node": ">=18"
            },
            "optionalDependencies": {
                "google-closure-compiler-linux": "^20250820.0.0",
                "google-closure-compiler-linux-arm64": "^20250820.0.0",
                "google-closure-compiler-macos": "^20250820.0.0",
                "google-closure-compiler-windows": "^20250820.0.0"
            }
        },
        "node_modules/google-closure-compiler-java": {
            "version": "20250820.0.0",
            "resolved": "https://registry.npmjs.org/google-closure-compiler-java/-/google-closure-compiler-java-20250820.0.0.tgz",
            "integrity": "sha512-xgguCNe7HtyLrUPDWH+TvT8zFke+3Yfgj5lZqjmeN0w8upKo0vabw2IDr/SPOduSDYZS2Po7CAHfLhiWyEgN5Q==",
            "license": "Apache-2.0"
        },
        "node_modules/google-closure-compiler-linux": {
            "version": "20250820.0.0",
            "resolved": "https://registry.npmjs.org/google-closure-compiler-linux/-/google-closure-compiler-linux-20250820.0.0.tgz",
            "integrity": "sha512-KYchWN/iAqu4VfcGXOwjiWKvH+jkMXuXnZ9qtyJWfMpBgWObznpgngfo739Xnuw7ObH13Up9YEcSzUMr1ADk5g==",
            "cpu": [
                "x32",
                "x64"
            ],
            "license": "Apache-2.0",
            "optional": true,
            "os": [
                "linux"
            ]
        },
        "node_modules/google-closure-compiler-linux-arm64": {
            "version": "20250820.0.0",
            "resolved": "https://registry.npmjs.org/google-closure-compiler-linux-arm64/-/google-closure-compiler-linux-arm64-20250820.0.0.tgz",
            "integrity": "sha512-J+FQCBfA8ueoWL3N7iUGUg772cHHnPtg0fLGQiXtqUdFqRUWamRnV7NQ0PvGCBZnkG12OtiDrRNjyEArl15kqg==",
            "cpu": [
                "arm64"
            ],
            "license": "Apache-2.0",
            "optional": true,
            "os": [
                "linux"
            ]
        },
        "node_modules/google-closure-compiler-macos": {
            "version": "20250820.0.0",
            "resolved": "https://registry.npmjs.org/google-closure-compiler-macos/-/google-closure-compiler-macos-20250820.0.0.tgz",
            "integrity": "sha512-pF/+Y+6Slc8vmy9OC6+jSd4iz80GUbOk/gAxnxOsLsrw/yuyhZcM7sZ+WqOcXMnu1fuAoL+pEHS/ND1bgst+hA==",
            "cpu": [
                "arm64"
            ],
            "license": "Apache-2.0",
            "optional": true,
            "os": [
                "darwin"
            ]
        },
        "node_modules/google-closure-compiler-windows": {
            "version": "20250820.0.0",
            "resolved": "https://registry.npmjs.org/google-closure-compiler-windows/-/google-closure-compiler-windows-20250820.0.0.tgz",
            "integrity": "sha512-6RdP1E3lDbjguBJdg9Y7gXAFbIgfC/BEETX5WBiAbOcaIeDaY8M/nFudcbZWgwBgGx6gCAQZ07h9QiX6PRDESg==",
            "cpu": [
                "x32",
                "x64"
            ],
            "license": "Apache-2.0",
            "optional": true,
            "os": [
                "win32"
            ]
        },
        "node_modules/minimist": {
            "version": "1.2.8",
            "resolved": "https://registry.npmjs.org/minimist/-/minimist-1.2.8.tgz",
            "integrity": "sha512-2yyAR8qBkN3YuheJanUpWC5U3bb5osDywNB8RzDVlDwDHbocAJveqqj1u8+SVD7jkWT4yvsHCpWqqWqAxb0zCA==",
            "license": "MIT",
            "funding": {
                "url": "https://github.com/sponsors/ljharb"
            }
        },
        "node_modules/remove-trailing-separator": {
            "version": "1.1.0",
            "resolved": "https://registry.npmjs.org/remove-trailing-separator/-/remove-trailing-separator-1.1.0.tgz",
            "integrity": "sha512-/hS+Y0u3aOfIETiaiirUFwDBDzmXPvO+jAfKTitUngIPzdKc6Z0LoFjM/CK5PL4C+eKwHohlHAb6H0VFfmmUsw==",
            "license": "ISC"
        },
        "node_modules/replace-ext": {
            "version": "2.0.0",
            "resolved": "https://registry.npmjs.org/replace-ext/-/replace-ext-2.0.0.tgz",
            "integrity": "sha512-UszKE5KVK6JvyD92nzMn9cDapSk6w/CaFZ96CnmDMUqH9oowfxF/ZjRITD25H4DnOQClLA4/j7jLGXXLVKxAug==",
            "license": "MIT",
            "engines": {
                "node": ">= 10"
            }
        },
        "node_modules/source-map": {
            "version": "0.5.7",
            "resolved": "https://registry.npmjs.org/source-map/-/source-map-0.5.7.tgz",
            "integrity": "sha512-LbrmJOMUSdEVxIKvdcJzQC+nQhe8FUZQTXQy6+I75skNgn3OoQ0DZA8YnFa7gp8tqtL3KPf1kmo0R5DoApeSGQ==",
            "license": "BSD-3-Clause",
            "engines": {
                "node": ">=0.10.0"
            }
        },
        "node_modules/streamx": {
            "version": "2.22.1",
            "resolved": "https://registry.npmjs.org/streamx/-/streamx-2.22.1.tgz",
            "integrity": "sha512-znKXEBxfatz2GBNK02kRnCXjV+AA4kjZIUxeWSr3UGirZMJfTE9uiwKHobnbgxWyL/JWro8tTq+vOqAK1/qbSA==",
            "license": "MIT",
            "dependencies": {
                "fast-fifo": "^1.3.2",
                "text-decoder": "^1.1.0"
            },
            "optionalDependencies": {
                "bare-events": "^2.2.0"
            }
        },
        "node_modules/teex": {
            "version": "1.0.1",
            "resolved": "https://registry.npmjs.org/teex/-/teex-1.0.1.tgz",
            "integrity": "sha512-eYE6iEI62Ni1H8oIa7KlDU6uQBtqr4Eajni3wX7rpfXD8ysFx8z0+dri+KWEPWpBsxXfxu58x/0jvTVT1ekOSg==",
            "license": "MIT",
            "dependencies": {
                "streamx": "^2.12.5"
            }
        },
        "node_modules/text-decoder": {
            "version": "1.2.3",
            "resolved": "https://registry.npmjs.org/text-decoder/-/text-decoder-1.2.3.tgz",
            "integrity": "sha512-3/o9z3X0X0fTupwsYvR03pJ/DjWuqqrfwBgTQzdWDiQSm9KitAyz/9WqsT2JQW7KV2m+bC2ol/zqpW37NHxLaA==",
            "license": "Apache-2.0",
            "dependencies": {
                "b4a": "^1.6.4"
            }
        },
        "node_modules/typescript": {
            "version": "5.9.2",
            "resolved": "https://registry.npmjs.org/typescript/-/typescript-5.9.2.tgz",
            "integrity": "sha512-CWBzXQrc/qOkhidw1OzBTQuYRbfyxDXJMVJ1XNwUHGROVmuaeiEm3OslpZ1RV96d7SKKjZKrSJu3+t/xlw3R9A==",
            "license": "Apache-2.0",
            "bin": {
                "tsc": "bin/tsc",
                "tsserver": "bin/tsserver"
            },
            "engines": {
                "node": ">=14.17"
            }
        },
        "node_modules/vinyl": {
            "version": "3.0.1",
            "resolved": "https://registry.npmjs.org/vinyl/-/vinyl-3.0.1.tgz",
            "integrity": "sha512-0QwqXteBNXgnLCdWdvPQBX6FXRHtIH3VhJPTd5Lwn28tJXc34YqSCWUmkOvtJHBmB3gGoPtrOKk3Ts8/kEZ9aA==",
            "license": "MIT",
            "dependencies": {
                "clone": "^2.1.2",
                "remove-trailing-separator": "^1.1.0",
                "replace-ext": "^2.0.0",
                "teex": "^1.0.1"
            },
            "engines": {
                "node": ">=10.13.0"
            }
        },
        "node_modules/vinyl-sourcemaps-apply": {
            "version": "0.2.1",
            "resolved": "https://registry.npmjs.org/vinyl-sourcemaps-apply/-/vinyl-sourcemaps-apply-0.2.1.tgz",
            "integrity": "sha512-+oDh3KYZBoZC8hfocrbrxbLUeaYtQK7J5WU5Br9VqWqmCll3tFJqKp97GC9GmMsVIL0qnx2DgEDVxdo5EZ5sSw==",
            "license": "ISC",
            "dependencies": {
                "source-map": "^0.5.1"
            }
        }
    }
}
